
Microsoft Visual Studio Solution File, Format Version 12.00
# Visual Studio Version 17
VisualStudioVersion = 17.12.35707.178 d17.12
MinimumVisualStudioVersion = 10.0.40219.1
Project("{FAE04EC0-301F-11D3-BF4B-00C04F79EFBC}") = "TesteParaEmpresaInfinity.Api", "TesteParaEmpresaInfinity.Api\TesteParaEmpresaInfinity.Api.csproj", "{28698B7A-5EE8-4F16-BCA2-7DE14105AABD}"
EndProject
Global
	GlobalSection(SolutionConfigurationPlatforms) = preSolution
		Debug|Any CPU = Debug|Any CPU
		Release|Any CPU = Release|Any CPU
	EndGlobalSection
	GlobalSection(ProjectConfigurationPlatforms) = postSolution
		{28698B7A-5EE8-4F16-BCA2-7DE14105AABD}.Debug|Any CPU.ActiveCfg = Debug|Any CPU
		{28698B7A-5EE8-4F16-BCA2-7DE14105AABD}.Debug|Any CPU.Build.0 = Debug|Any CPU
		{28698B7A-5EE8-4F16-BCA2-7DE14105AABD}.Release|Any CPU.ActiveCfg = Release|Any CPU
		{28698B7A-5EE8-4F16-BCA2-7DE14105AABD}.Release|Any CPU.Build.0 = Release|Any CPU
	EndGlobalSection
	GlobalSection(SolutionProperties) = preSolution
		HideSolutionNode = FALSE
	EndGlobalSection
EndGlobal
